
Microsoft Visual Studio Solution File, Format Version 12.00
# Visual Studio Version 17
VisualStudioVersion = 17.3.32901.215
MinimumVisualStudioVersion = 10.0.40219.1
Project("{FAE04EC0-301F-11D3-BF4B-00C04F79EFBC}") = "cli", "CLI-batyaWail\cli.csproj", "{1396293D-AF66-4EAC-B2A7-FC7B90A7C562}"
EndProject
Global
	GlobalSection(SolutionConfigurationPlatforms) = preSolution
		Debug|Any CPU = Debug|Any CPU
		Release|Any CPU = Release|Any CPU
	EndGlobalSection
	GlobalSection(ProjectConfigurationPlatforms) = postSolution
		{1396293D-AF66-4EAC-B2A7-FC7B90A7C562}.Debug|Any CPU.ActiveCfg = Debug|Any CPU
		{1396293D-AF66-4EAC-B2A7-FC7B90A7C562}.Debug|Any CPU.Build.0 = Debug|Any CPU
		{1396293D-AF66-4EAC-B2A7-FC7B90A7C562}.Release|Any CPU.ActiveCfg = Release|Any CPU
		{1396293D-AF66-4EAC-B2A7-FC7B90A7C562}.Release|Any CPU.Build.0 = Release|Any CPU
	EndGlobalSection
	GlobalSection(SolutionProperties) = preSolution
		HideSolutionNode = FALSE
	EndGlobalSection
	GlobalSection(ExtensibilityGlobals) = postSolution
		SolutionGuid = {71B250C9-2CE1-40B5-A42C-36A54D6E0F44}
	EndGlobalSection
EndGlobal
